
Microsoft Visual Studio Solution File, Format Version 12.00
# Visual Studio Version 16
VisualStudioVersion = 16.0.31005.135
MinimumVisualStudioVersion = 10.0.40219.1
Project("{FAE04EC0-301F-11D3-BF4B-00C04F79EFBC}") = "BstProject", "BstProject\BstProject.csproj", "{5EF21B92-85B1-4FBB-A443-0409F04F77EE}"
EndProject
Project("{FAE04EC0-301F-11D3-BF4B-00C04F79EFBC}") = "BstProjectNetCore", "BstProjectNetCore\BstProjectNetCore.csproj", "{AC76CE1A-9842-4197-85AB-6F6506F7F9BB}"
EndProject
Global
	GlobalSection(SolutionConfigurationPlatforms) = preSolution
		Debug|Any CPU = Debug|Any CPU
		Release|Any CPU = Release|Any CPU
	EndGlobalSection
	GlobalSection(ProjectConfigurationPlatforms) = postSolution
		{5EF21B92-85B1-4FBB-A443-0409F04F77EE}.Debug|Any CPU.ActiveCfg = Debug|Any CPU
		{5EF21B92-85B1-4FBB-A443-0409F04F77EE}.Debug|Any CPU.Build.0 = Debug|Any CPU
		{5EF21B92-85B1-4FBB-A443-0409F04F77EE}.Release|Any CPU.ActiveCfg = Release|Any CPU
		{5EF21B92-85B1-4FBB-A443-0409F04F77EE}.Release|Any CPU.Build.0 = Release|Any CPU
		{AC76CE1A-9842-4197-85AB-6F6506F7F9BB}.Debug|Any CPU.ActiveCfg = Debug|Any CPU
		{AC76CE1A-9842-4197-85AB-6F6506F7F9BB}.Debug|Any CPU.Build.0 = Debug|Any CPU
		{AC76CE1A-9842-4197-85AB-6F6506F7F9BB}.Release|Any CPU.ActiveCfg = Release|Any CPU
		{AC76CE1A-9842-4197-85AB-6F6506F7F9BB}.Release|Any CPU.Build.0 = Release|Any CPU
	EndGlobalSection
	GlobalSection(SolutionProperties) = preSolution
		HideSolutionNode = FALSE
	EndGlobalSection
	GlobalSection(ExtensibilityGlobals) = postSolution
		SolutionGuid = {D8610CE8-D371-42E4-97BE-B856016E4373}
	EndGlobalSection
EndGlobal
